
Microsoft Visual Studio Solution File, Format Version 12.00
# Visual Studio Version 16
VisualStudioVersion = 16.0.31313.79
MinimumVisualStudioVersion = 10.0.40219.1
Project("{FAE04EC0-301F-11D3-BF4B-00C04F79EFBC}") = "squareNumber", "squareNumber\squareNumber.csproj", "{C815118F-877F-4814-9EBD-1401AF32097C}"
EndProject
Project("{FAE04EC0-301F-11D3-BF4B-00C04F79EFBC}") = "exchangeValues", "exchangeValues\exchangeValues.csproj", "{582F8C50-6E5E-4C06-BC07-248B7346EF6B}"
EndProject
Global
	GlobalSection(SolutionConfigurationPlatforms) = preSolution
		Debug|Any CPU = Debug|Any CPU
		Release|Any CPU = Release|Any CPU
	EndGlobalSection
	GlobalSection(ProjectConfigurationPlatforms) = postSolution
		{C815118F-877F-4814-9EBD-1401AF32097C}.Debug|Any CPU.ActiveCfg = Debug|Any CPU
		{C815118F-877F-4814-9EBD-1401AF32097C}.Debug|Any CPU.Build.0 = Debug|Any CPU
		{C815118F-877F-4814-9EBD-1401AF32097C}.Release|Any CPU.ActiveCfg = Release|Any CPU
		{C815118F-877F-4814-9EBD-1401AF32097C}.Release|Any CPU.Build.0 = Release|Any CPU
		{582F8C50-6E5E-4C06-BC07-248B7346EF6B}.Debug|Any CPU.ActiveCfg = Debug|Any CPU
		{582F8C50-6E5E-4C06-BC07-248B7346EF6B}.Debug|Any CPU.Build.0 = Debug|Any CPU
		{582F8C50-6E5E-4C06-BC07-248B7346EF6B}.Release|Any CPU.ActiveCfg = Release|Any CPU
		{582F8C50-6E5E-4C06-BC07-248B7346EF6B}.Release|Any CPU.Build.0 = Release|Any CPU
	EndGlobalSection
	GlobalSection(SolutionProperties) = preSolution
		HideSolutionNode = FALSE
	EndGlobalSection
	GlobalSection(ExtensibilityGlobals) = postSolution
		SolutionGuid = {316C251A-36A9-4EC8-9405-2905628A2ABC}
	EndGlobalSection
EndGlobal
